
Microsoft Visual Studio Solution File, Format Version 12.00
# Visual Studio 15
VisualStudioVersion = 15.0.27004.2009
MinimumVisualStudioVersion = 10.0.40219.1
Project("{9A19103F-16F7-4668-BE54-9A1E7A4F7556}") = "MathematicsQuestionGeneratorAPI", "Mathematics Question Generator API\MathematicsQuestionGeneratorAPI.csproj", "{E5C762CB-A792-4A27-B754-58C4F5AB4199}"
EndProject
Project("{FAE04EC0-301F-11D3-BF4B-00C04F79EFBC}") = "MathematicsQuestionGeneratorAPITests", "MathematicsQuestionGeneratorAPITests\MathematicsQuestionGeneratorAPITests.csproj", "{25948E34-6842-4D39-AD8D-3BF59AF27C76}"
EndProject
Global
	GlobalSection(SolutionConfigurationPlatforms) = preSolution
		Debug|Any CPU = Debug|Any CPU
		Release|Any CPU = Release|Any CPU
	EndGlobalSection
	GlobalSection(ProjectConfigurationPlatforms) = postSolution
		{E5C762CB-A792-4A27-B754-58C4F5AB4199}.Debug|Any CPU.ActiveCfg = Debug|Any CPU
		{E5C762CB-A792-4A27-B754-58C4F5AB4199}.Debug|Any CPU.Build.0 = Debug|Any CPU
		{E5C762CB-A792-4A27-B754-58C4F5AB4199}.Release|Any CPU.ActiveCfg = Release|Any CPU
		{E5C762CB-A792-4A27-B754-58C4F5AB4199}.Release|Any CPU.Build.0 = Release|Any CPU
		{25948E34-6842-4D39-AD8D-3BF59AF27C76}.Debug|Any CPU.ActiveCfg = Debug|Any CPU
		{25948E34-6842-4D39-AD8D-3BF59AF27C76}.Debug|Any CPU.Build.0 = Debug|Any CPU
		{25948E34-6842-4D39-AD8D-3BF59AF27C76}.Release|Any CPU.ActiveCfg = Release|Any CPU
		{25948E34-6842-4D39-AD8D-3BF59AF27C76}.Release|Any CPU.Build.0 = Release|Any CPU
	EndGlobalSection
	GlobalSection(SolutionProperties) = preSolution
		HideSolutionNode = FALSE
	EndGlobalSection
	GlobalSection(ExtensibilityGlobals) = postSolution
		SolutionGuid = {689C675B-BC1E-4D2D-92E1-DBCED8C74538}
	EndGlobalSection
EndGlobal
